// !$*UTF8*$!
{
	archiveVersion = 1;
	classes = {
	};
	objectVersion = 46;
	objects = {

/* Begin PBXBuildFile section */
		3B571BD9E305DE7B3C617C19 /* Pods.framework in Frameworks */ = {isa = PBXBuildFile; fileRef = 163564A8D0D2CFB122574890 /* Pods.framework */; };
		A00F57BF1C15B21D0098047B /* DYBaseTableVC.swift in Sources */ = {isa = PBXBuildFile; fileRef = A00F57BE1C15B21D0098047B /* DYBaseTableVC.swift */; settings = {ASSET_TAGS = (); }; };
		A00F57C11C15B5510098047B /* DYVisitorView.swift in Sources */ = {isa = PBXBuildFile; fileRef = A00F57C01C15B5510098047B /* DYVisitorView.swift */; settings = {ASSET_TAGS = (); }; };
		A046AC3D1C15D626009BAF34 /* UIImage+Extension.swift in Sources */ = {isa = PBXBuildFile; fileRef = A046AC3C1C15D626009BAF34 /* UIImage+Extension.swift */; settings = {ASSET_TAGS = (); }; };
		A046AC3F1C15D670009BAF34 /* UIButton+Extension.swift in Sources */ = {isa = PBXBuildFile; fileRef = A046AC3E1C15D670009BAF34 /* UIButton+Extension.swift */; settings = {ASSET_TAGS = (); }; };
		A046AC411C15D6A8009BAF34 /* UILabel+Extension.swift in Sources */ = {isa = PBXBuildFile; fileRef = A046AC401C15D6A8009BAF34 /* UILabel+Extension.swift */; settings = {ASSET_TAGS = (); }; };
		A046AC431C15D6CA009BAF34 /* UIBarButtonItem+Extension.swift in Sources */ = {isa = PBXBuildFile; fileRef = A046AC421C15D6CA009BAF34 /* UIBarButtonItem+Extension.swift */; settings = {ASSET_TAGS = (); }; };
		A05C63261C15A16200CE58B3 /* DYTabar.swift in Sources */ = {isa = PBXBuildFile; fileRef = A05C63251C15A16200CE58B3 /* DYTabar.swift */; settings = {ASSET_TAGS = (); }; };
		A05C63281C15A6AD00CE58B3 /* DYMainViewController.swift in Sources */ = {isa = PBXBuildFile; fileRef = A05C63271C15A6AD00CE58B3 /* DYMainViewController.swift */; settings = {ASSET_TAGS = (); }; };
		A09B02201C156EDD00B80CBE /* AppDelegate.swift in Sources */ = {isa = PBXBuildFile; fileRef = A09B021F1C156EDD00B80CBE /* AppDelegate.swift */; };
		A09B02221C156EDD00B80CBE /* ViewController.swift in Sources */ = {isa = PBXBuildFile; fileRef = A09B02211C156EDD00B80CBE /* ViewController.swift */; };
		A09B02251C156EDD00B80CBE /* Main.storyboard in Resources */ = {isa = PBXBuildFile; fileRef = A09B02231C156EDD00B80CBE /* Main.storyboard */; };
		A09B02271C156EDD00B80CBE /* Assets.xcassets in Resources */ = {isa = PBXBuildFile; fileRef = A09B02261C156EDD00B80CBE /* Assets.xcassets */; };
		A09B022A1C156EDD00B80CBE /* LaunchScreen.storyboard in Resources */ = {isa = PBXBuildFile; fileRef = A09B02281C156EDD00B80CBE /* LaunchScreen.storyboard */; };
		A09B02391C15711500B80CBE /* MainViewController.swift in Sources */ = {isa = PBXBuildFile; fileRef = A09B02381C15711500B80CBE /* MainViewController.swift */; settings = {ASSET_TAGS = (); }; };
		A09B02411C15761100B80CBE /* HomeTableViewController.swift in Sources */ = {isa = PBXBuildFile; fileRef = A09B02401C15761100B80CBE /* HomeTableViewController.swift */; settings = {ASSET_TAGS = (); }; };
		A09B02431C15768900B80CBE /* MessageTableViewController.swift in Sources */ = {isa = PBXBuildFile; fileRef = A09B02421C15768900B80CBE /* MessageTableViewController.swift */; settings = {ASSET_TAGS = (); }; };
		A09B02451C15769300B80CBE /* DiscoverTableViewController.swift in Sources */ = {isa = PBXBuildFile; fileRef = A09B02441C15769300B80CBE /* DiscoverTableViewController.swift */; settings = {ASSET_TAGS = (); }; };
		A09B02471C15769C00B80CBE /* ProfileTableViewController.swift in Sources */ = {isa = PBXBuildFile; fileRef = A09B02461C15769C00B80CBE /* ProfileTableViewController.swift */; settings = {ASSET_TAGS = (); }; };
		A0E9B8C61C16B70B00012816 /* DYOAuthVC.swift in Sources */ = {isa = PBXBuildFile; fileRef = A0E9B8C51C16B70B00012816 /* DYOAuthVC.swift */; settings = {ASSET_TAGS = (); }; };
		A0E9B8C81C16B92600012816 /* NetworkTools.swift in Sources */ = {isa = PBXBuildFile; fileRef = A0E9B8C71C16B92600012816 /* NetworkTools.swift */; settings = {ASSET_TAGS = (); }; };
		A0E9B8CB1C16CB7800012816 /* UserAccount.swift in Sources */ = {isa = PBXBuildFile; fileRef = A0E9B8CA1C16CB7800012816 /* UserAccount.swift */; settings = {ASSET_TAGS = (); }; };
/* End PBXBuildFile section */

/* Begin PBXFileReference section */
		163564A8D0D2CFB122574890 /* Pods.framework */ = {isa = PBXFileReference; explicitFileType = wrapper.framework; includeInIndex = 0; path = Pods.framework; sourceTree = BUILT_PRODUCTS_DIR; };
		A00F57BE1C15B21D0098047B /* DYBaseTableVC.swift */ = {isa = PBXFileReference; fileEncoding = 4; lastKnownFileType = sourcecode.swift; path = DYBaseTableVC.swift; sourceTree = "<group>"; };
		A00F57C01C15B5510098047B /* DYVisitorView.swift */ = {isa = PBXFileReference; fileEncoding = 4; lastKnownFileType = sourcecode.swift; path = DYVisitorView.swift; sourceTree = "<group>"; };
		A046AC3C1C15D626009BAF34 /* UIImage+Extension.swift */ = {isa = PBXFileReference; fileEncoding = 4; lastKnownFileType = sourcecode.swift; path = "UIImage+Extension.swift"; sourceTree = "<group>"; };
		A046AC3E1C15D670009BAF34 /* UIButton+Extension.swift */ = {isa = PBXFileReference; fileEncoding = 4; lastKnownFileType = sourcecode.swift; path = "UIButton+Extension.swift"; sourceTree = "<group>"; };
		A046AC401C15D6A8009BAF34 /* UILabel+Extension.swift */ = {isa = PBXFileReference; fileEncoding = 4; lastKnownFileType = sourcecode.swift; path = "UILabel+Extension.swift"; sourceTree = "<group>"; };
		A046AC421C15D6CA009BAF34 /* UIBarButtonItem+Extension.swift */ = {isa = PBXFileReference; fileEncoding = 4; lastKnownFileType = sourcecode.swift; path = "UIBarButtonItem+Extension.swift"; sourceTree = "<group>"; };
		A05C63251C15A16200CE58B3 /* DYTabar.swift */ = {isa = PBXFileReference; fileEncoding = 4; lastKnownFileType = sourcecode.swift; path = DYTabar.swift; sourceTree = "<group>"; };
		A05C63271C15A6AD00CE58B3 /* DYMainViewController.swift */ = {isa = PBXFileReference; fileEncoding = 4; lastKnownFileType = sourcecode.swift; path = DYMainViewController.swift; sourceTree = "<group>"; };
		A09B021C1C156EDD00B80CBE /* weibo-with-swift2.app */ = {isa = PBXFileReference; explicitFileType = wrapper.application; includeInIndex = 0; path = "weibo-with-swift2.app"; sourceTree = BUILT_PRODUCTS_DIR; };
		A09B021F1C156EDD00B80CBE /* AppDelegate.swift */ = {isa = PBXFileReference; lastKnownFileType = sourcecode.swift; path = AppDelegate.swift; sourceTree = "<group>"; };
		A09B02211C156EDD00B80CBE /* ViewController.swift */ = {isa = PBXFileReference; lastKnownFileType = sourcecode.swift; path = ViewController.swift; sourceTree = "<group>"; };
		A09B02241C156EDD00B80CBE /* Base */ = {isa = PBXFileReference; lastKnownFileType = file.storyboard; name = Base; path = Base.lproj/Main.storyboard; sourceTree = "<group>"; };
		A09B02261C156EDD00B80CBE /* Assets.xcassets */ = {isa = PBXFileReference; lastKnownFileType = folder.assetcatalog; path = Assets.xcassets; sourceTree = "<group>"; };
		A09B02291C156EDD00B80CBE /* Base */ = {isa = PBXFileReference; lastKnownFileType = file.storyboard; name = Base; path = Base.lproj/LaunchScreen.storyboard; sourceTree = "<group>"; };
		A09B022B1C156EDD00B80CBE /* Info.plist */ = {isa = PBXFileReference; lastKnownFileType = text.plist.xml; path = Info.plist; sourceTree = "<group>"; };
		A09B02381C15711500B80CBE /* MainViewController.swift */ = {isa = PBXFileReference; fileEncoding = 4; lastKnownFileType = sourcecode.swift; path = MainViewController.swift; sourceTree = "<group>"; };
		A09B02401C15761100B80CBE /* HomeTableViewController.swift */ = {isa = PBXFileReference; fileEncoding = 4; lastKnownFileType = sourcecode.swift; path = HomeTableViewController.swift; sourceTree = "<group>"; };
		A09B02421C15768900B80CBE /* MessageTableViewController.swift */ = {isa = PBXFileReference; fileEncoding = 4; lastKnownFileType = sourcecode.swift; path = MessageTableViewController.swift; sourceTree = "<group>"; };
		A09B02441C15769300B80CBE /* DiscoverTableViewController.swift */ = {isa = PBXFileReference; fileEncoding = 4; lastKnownFileType = sourcecode.swift; path = DiscoverTableViewController.swift; sourceTree = "<group>"; };
		A09B02461C15769C00B80CBE /* ProfileTableViewController.swift */ = {isa = PBXFileReference; fileEncoding = 4; lastKnownFileType = sourcecode.swift; path = ProfileTableViewController.swift; sourceTree = "<group>"; };
		A0E9B8C51C16B70B00012816 /* DYOAuthVC.swift */ = {isa = PBXFileReference; fileEncoding = 4; lastKnownFileType = sourcecode.swift; path = DYOAuthVC.swift; sourceTree = "<group>"; };
		A0E9B8C71C16B92600012816 /* NetworkTools.swift */ = {isa = PBXFileReference; fileEncoding = 4; lastKnownFileType = sourcecode.swift; path = NetworkTools.swift; sourceTree = "<group>"; };
		A0E9B8CA1C16CB7800012816 /* UserAccount.swift */ = {isa = PBXFileReference; fileEncoding = 4; lastKnownFileType = sourcecode.swift; path = UserAccount.swift; sourceTree = "<group>"; };
		CD345E6AB1B31379CB719080 /* Pods.debug.xcconfig */ = {isa = PBXFileReference; includeInIndex = 1; lastKnownFileType = text.xcconfig; name = Pods.debug.xcconfig; path = "Pods/Target Support Files/Pods/Pods.debug.xcconfig"; sourceTree = "<group>"; };
		D0503E5F0019A317529ECDA6 /* Pods.release.xcconfig */ = {isa = PBXFileReference; includeInIndex = 1; lastKnownFileType = text.xcconfig; name = Pods.release.xcconfig; path = "Pods/Target Support Files/Pods/Pods.release.xcconfig"; sourceTree = "<group>"; };
/* End PBXFileReference section */

/* Begin PBXFrameworksBuildPhase section */
		A09B02191C156EDD00B80CBE /* Frameworks */ = {
			isa = PBXFrameworksBuildPhase;
			buildActionMask = 2147483647;
			files = (
				3B571BD9E305DE7B3C617C19 /* Pods.framework in Frameworks */,
			);
			runOnlyForDeploymentPostprocessing = 0;
		};
/* End PBXFrameworksBuildPhase section */

/* Begin PBXGroup section */
		619B04B23BF1CD143E8359D3 /* Pods */ = {
			isa = PBXGroup;
			children = (
				CD345E6AB1B31379CB719080 /* Pods.debug.xcconfig */,
				D0503E5F0019A317529ECDA6 /* Pods.release.xcconfig */,
			);
			name = Pods;
			sourceTree = "<group>";
		};
		A046AC3A1C15D59A009BAF34 /* Tools */ = {
			isa = PBXGroup;
			children = (
				A046AC3B1C15D5BE009BAF34 /* Extension */,
				A0E9B8C71C16B92600012816 /* NetworkTools.swift */,
			);
			name = Tools;
			sourceTree = "<group>";
		};
		A046AC3B1C15D5BE009BAF34 /* Extension */ = {
			isa = PBXGroup;
			children = (
				A046AC3C1C15D626009BAF34 /* UIImage+Extension.swift */,
				A046AC3E1C15D670009BAF34 /* UIButton+Extension.swift */,
				A046AC401C15D6A8009BAF34 /* UILabel+Extension.swift */,
				A046AC421C15D6CA009BAF34 /* UIBarButtonItem+Extension.swift */,
			);
			name = Extension;
			sourceTree = "<group>";
		};
		A09B02131C156EDD00B80CBE = {
			isa = PBXGroup;
			children = (
				A09B021E1C156EDD00B80CBE /* weibo-with-swift2 */,
				A09B021D1C156EDD00B80CBE /* Products */,
				619B04B23BF1CD143E8359D3 /* Pods */,
				E7E78592D8C48FC18B76CF6F /* Frameworks */,
			);
			sourceTree = "<group>";
		};
		A09B021D1C156EDD00B80CBE /* Products */ = {
			isa = PBXGroup;
			children = (
				A09B021C1C156EDD00B80CBE /* weibo-with-swift2.app */,
			);
			name = Products;
			sourceTree = "<group>";
		};
		A09B021E1C156EDD00B80CBE /* weibo-with-swift2 */ = {
			isa = PBXGroup;
			children = (
				A09B02311C156F7900B80CBE /* Classes */,
				A09B021F1C156EDD00B80CBE /* AppDelegate.swift */,
				A09B02341C15700300B80CBE /* useless */,
				A09B02261C156EDD00B80CBE /* Assets.xcassets */,
				A09B022B1C156EDD00B80CBE /* Info.plist */,
			);
			path = "weibo-with-swift2";
			sourceTree = "<group>";
		};
		A09B02311C156F7900B80CBE /* Classes */ = {
			isa = PBXGroup;
			children = (
				A046AC3A1C15D59A009BAF34 /* Tools */,
				A09B02321C156F8C00B80CBE /* ViewControlers */,
				A09B02331C156F9300B80CBE /* Model */,
			);
			name = Classes;
			sourceTree = "<group>";
		};
		A09B02321C156F8C00B80CBE /* ViewControlers */ = {
			isa = PBXGroup;
			children = (
				A09B023D1C1574CC00B80CBE /* Profile */,
				A09B023C1C1574C300B80CBE /* Discover */,
				A09B023B1C1574BD00B80CBE /* Message */,
				A09B023A1C1574AF00B80CBE /* Home */,
				A0E9B8C91C16BB3300012816 /* OAuth */,
				A09B02351C15704200B80CBE /* Main */,
			);
			name = ViewControlers;
			sourceTree = "<group>";
		};
		A09B02331C156F9300B80CBE /* Model */ = {
			isa = PBXGroup;
			children = (
				A0E9B8CA1C16CB7800012816 /* UserAccount.swift */,
			);
			name = Model;
			sourceTree = "<group>";
		};
		A09B02341C15700300B80CBE /* useless */ = {
			isa = PBXGroup;
			children = (
				A09B02231C156EDD00B80CBE /* Main.storyboard */,
				A09B02211C156EDD00B80CBE /* ViewController.swift */,
				A09B02281C156EDD00B80CBE /* LaunchScreen.storyboard */,
			);
			name = useless;
			sourceTree = "<group>";
		};
		A09B02351C15704200B80CBE /* Main */ = {
			isa = PBXGroup;
			children = (
				A09B02481C1588FF00B80CBE /* Views */,
				A05C63271C15A6AD00CE58B3 /* DYMainViewController.swift */,
				A00F57BE1C15B21D0098047B /* DYBaseTableVC.swift */,
				A00F57C01C15B5510098047B /* DYVisitorView.swift */,
				A09B02381C15711500B80CBE /* MainViewController.swift */,
			);
			name = Main;
			sourceTree = "<group>";
		};
		A09B023A1C1574AF00B80CBE /* Home */ = {
			isa = PBXGroup;
			children = (
				A09B02401C15761100B80CBE /* HomeTableViewController.swift */,
			);
			name = Home;
			sourceTree = "<group>";
		};
		A09B023B1C1574BD00B80CBE /* Message */ = {
			isa = PBXGroup;
			children = (
				A09B02421C15768900B80CBE /* MessageTableViewController.swift */,
			);
			name = Message;
			sourceTree = "<group>";
		};
		A09B023C1C1574C300B80CBE /* Discover */ = {
			isa = PBXGroup;
			children = (
				A09B02441C15769300B80CBE /* DiscoverTableViewController.swift */,
			);
			name = Discover;
			sourceTree = "<group>";
		};
		A09B023D1C1574CC00B80CBE /* Profile */ = {
			isa = PBXGroup;
			children = (
				A09B02461C15769C00B80CBE /* ProfileTableViewController.swift */,
			);
			name = Profile;
			sourceTree = "<group>";
		};
		A09B02481C1588FF00B80CBE /* Views */ = {
			isa = PBXGroup;
			children = (
				A05C63251C15A16200CE58B3 /* DYTabar.swift */,
			);
			name = Views;
			sourceTree = "<group>";
		};
		A0E9B8C91C16BB3300012816 /* OAuth */ = {
			isa = PBXGroup;
			children = (
				A0E9B8C51C16B70B00012816 /* DYOAuthVC.swift */,
			);
			name = OAuth;
			sourceTree = "<group>";
		};
		E7E78592D8C48FC18B76CF6F /* Frameworks */ = {
			isa = PBXGroup;
			children = (
				163564A8D0D2CFB122574890 /* Pods.framework */,
			);
			name = Frameworks;
			sourceTree = "<group>";
		};
/* End PBXGroup section */

/* Begin PBXNativeTarget section */
		A09B021B1C156EDD00B80CBE /* weibo-with-swift2 */ = {
			isa = PBXNativeTarget;
			buildConfigurationList = A09B022E1C156EDD00B80CBE /* Build configuration list for PBXNativeTarget "weibo-with-swift2" */;
			buildPhases = (
				B5CCC0849B4A2727836F6E1A /* Check Pods Manifest.lock */,
				A09B02181C156EDD00B80CBE /* Sources */,
				A09B02191C156EDD00B80CBE /* Frameworks */,
				A09B021A1C156EDD00B80CBE /* Resources */,
				2D9879FBE367748E3F2BD6A1 /* Embed Pods Frameworks */,
				24BA3EC9600D448662D590A9 /* Copy Pods Resources */,
			);
			buildRules = (
			);
			dependencies = (
			);
			name = "weibo-with-swift2";
			productName = "weibo-with-swift2";
			productReference = A09B021C1C156EDD00B80CBE /* weibo-with-swift2.app */;
			productType = "com.apple.product-type.application";
		};
/* End PBXNativeTarget section */

/* Begin PBXProject section */
		A09B02141C156EDD00B80CBE /* Project object */ = {
			isa = PBXProject;
			attributes = {
				CLASSPREFIX = DY;
				LastUpgradeCheck = 0700;
				ORGANIZATIONNAME = d0ye;
				TargetAttributes = {
					A09B021B1C156EDD00B80CBE = {
						CreatedOnToolsVersion = 7.0.1;
						DevelopmentTeam = EF3X5RUQCP;
					};
				};
			};
			buildConfigurationList = A09B02171C156EDD00B80CBE /* Build configuration list for PBXProject "weibo-with-swift2" */;
			compatibilityVersion = "Xcode 3.2";
			developmentRegion = English;
			hasScannedForEncodings = 0;
			knownRegions = (
				en,
				Base,
			);
			mainGroup = A09B02131C156EDD00B80CBE;
			productRefGroup = A09B021D1C156EDD00B80CBE /* Products */;
			projectDirPath = "";
			projectRoot = "";
			targets = (
				A09B021B1C156EDD00B80CBE /* weibo-with-swift2 */,
			);
		};
/* End PBXProject section */

/* Begin PBXResourcesBuildPhase section */
		A09B021A1C156EDD00B80CBE /* Resources */ = {
			isa = PBXResourcesBuildPhase;
			buildActionMask = 2147483647;
			files = (
				A09B022A1C156EDD00B80CBE /* LaunchScreen.storyboard in Resources */,
				A09B02271C156EDD00B80CBE /* Assets.xcassets in Resources */,
				A09B02251C156EDD00B80CBE /* Main.storyboard in Resources */,
			);
			runOnlyForDeploymentPostprocessing = 0;
		};
/* End PBXResourcesBuildPhase section */

/* Begin PBXShellScriptBuildPhase section */
		24BA3EC9600D448662D590A9 /* Copy Pods Resources */ = {
			isa = PBXShellScriptBuildPhase;
			buildActionMask = 2147483647;
			files = (
			);
			inputPaths = (
			);
			name = "Copy Pods Resources";
			outputPaths = (
			);
			runOnlyForDeploymentPostprocessing = 0;
			shellPath = /bin/sh;
			shellScript = "\"${SRCROOT}/Pods/Target Support Files/Pods/Pods-resources.sh\"\n";
			showEnvVarsInLog = 0;
		};
		2D9879FBE367748E3F2BD6A1 /* Embed Pods Frameworks */ = {
			isa = PBXShellScriptBuildPhase;
			buildActionMask = 2147483647;
			files = (
			);
			inputPaths = (
			);
			name = "Embed Pods Frameworks";
			outputPaths = (
			);
			runOnlyForDeploymentPostprocessing = 0;
			shellPath = /bin/sh;
			shellScript = "\"${SRCROOT}/Pods/Target Support Files/Pods/Pods-frameworks.sh\"\n";
			showEnvVarsInLog = 0;
		};
		B5CCC0849B4A2727836F6E1A /* Check Pods Manifest.lock */ = {
			isa = PBXShellScriptBuildPhase;
			buildActionMask = 2147483647;
			files = (
			);
			inputPaths = (
			);
			name = "Check Pods Manifest.lock";
			outputPaths = (
			);
			runOnlyForDeploymentPostprocessing = 0;
			shellPath = /bin/sh;
			shellScript = "diff \"${PODS_ROOT}/../Podfile.lock\" \"${PODS_ROOT}/Manifest.lock\" > /dev/null\nif [[ $? != 0 ]] ; then\n    cat << EOM\nerror: The sandbox is not in sync with the Podfile.lock. Run 'pod install' or update your CocoaPods installation.\nEOM\n    exit 1\nfi\n";
			showEnvVarsInLog = 0;
		};
/* End PBXShellScriptBuildPhase section */

/* Begin PBXSourcesBuildPhase section */
		A09B02181C156EDD00B80CBE /* Sources */ = {
			isa = PBXSourcesBuildPhase;
			buildActionMask = 2147483647;
			files = (
				A09B02471C15769C00B80CBE /* ProfileTableViewController.swift in Sources */,
				A0E9B8C81C16B92600012816 /* NetworkTools.swift in Sources */,
				A0E9B8CB1C16CB7800012816 /* UserAccount.swift in Sources */,
				A0E9B8C61C16B70B00012816 /* DYOAuthVC.swift in Sources */,
				A09B02411C15761100B80CBE /* HomeTableViewController.swift in Sources */,
				A046AC3F1C15D670009BAF34 /* UIButton+Extension.swift in Sources */,
				A05C63281C15A6AD00CE58B3 /* DYMainViewController.swift in Sources */,
				A046AC3D1C15D626009BAF34 /* UIImage+Extension.swift in Sources */,
				A00F57BF1C15B21D0098047B /* DYBaseTableVC.swift in Sources */,
				A09B02391C15711500B80CBE /* MainViewController.swift in Sources */,
				A046AC431C15D6CA009BAF34 /* UIBarButtonItem+Extension.swift in Sources */,
				A09B02431C15768900B80CBE /* MessageTableViewController.swift in Sources */,
				A09B02221C156EDD00B80CBE /* ViewController.swift in Sources */,
				A09B02451C15769300B80CBE /* DiscoverTableViewController.swift in Sources */,
				A046AC411C15D6A8009BAF34 /* UILabel+Extension.swift in Sources */,
				A09B02201C156EDD00B80CBE /* AppDelegate.swift in Sources */,
				A05C63261C15A16200CE58B3 /* DYTabar.swift in Sources */,
				A00F57C11C15B5510098047B /* DYVisitorView.swift in Sources */,
			);
			runOnlyForDeploymentPostprocessing = 0;
		};
/* End PBXSourcesBuildPhase section */

/* Begin PBXVariantGroup section */
		A09B02231C156EDD00B80CBE /* Main.storyboard */ = {
			isa = PBXVariantGroup;
			children = (
				A09B02241C156EDD00B80CBE /* Base */,
			);
			name = Main.storyboard;
			sourceTree = "<group>";
		};
		A09B02281C156EDD00B80CBE /* LaunchScreen.storyboard */ = {
			isa = PBXVariantGroup;
			children = (
				A09B02291C156EDD00B80CBE /* Base */,
			);
			name = LaunchScreen.storyboard;
			sourceTree = "<group>";
		};
/* End PBXVariantGroup section */

/* Begin XCBuildConfiguration section */
		A09B022C1C156EDD00B80CBE /* Debug */ = {
			isa = XCBuildConfiguration;
			buildSettings = {
				ALWAYS_SEARCH_USER_PATHS = NO;
				CLANG_CXX_LANGUAGE_STANDARD = "gnu++0x";
				CLANG_CXX_LIBRARY = "libc++";
				CLANG_ENABLE_MODULES = YES;
				CLANG_ENABLE_OBJC_ARC = YES;
				CLANG_WARN_BOOL_CONVERSION = YES;
				CLANG_WARN_CONSTANT_CONVERSION = YES;
				CLANG_WARN_DIRECT_OBJC_ISA_USAGE = YES_ERROR;
				CLANG_WARN_EMPTY_BODY = YES;
				CLANG_WARN_ENUM_CONVERSION = YES;
				CLANG_WARN_INT_CONVERSION = YES;
				CLANG_WARN_OBJC_ROOT_CLASS = YES_ERROR;
				CLANG_WARN_UNREACHABLE_CODE = YES;
				CLANG_WARN__DUPLICATE_METHOD_MATCH = YES;
				"CODE_SIGN_IDENTITY[sdk=iphoneos*]" = "iPhone Developer";
				COPY_PHASE_STRIP = NO;
				DEBUG_INFORMATION_FORMAT = dwarf;
				ENABLE_STRICT_OBJC_MSGSEND = YES;
				ENABLE_TESTABILITY = YES;
				GCC_C_LANGUAGE_STANDARD = gnu99;
				GCC_DYNAMIC_NO_PIC = NO;
				GCC_NO_COMMON_BLOCKS = YES;
				GCC_OPTIMIZATION_LEVEL = 0;
				GCC_PREPROCESSOR_DEFINITIONS = (
					"DEBUG=1",
					"$(inherited)",
				);
				GCC_WARN_64_TO_32_BIT_CONVERSION = YES;
				GCC_WARN_ABOUT_RETURN_TYPE = YES_ERROR;
				GCC_WARN_UNDECLARED_SELECTOR = YES;
				GCC_WARN_UNINITIALIZED_AUTOS = YES_AGGRESSIVE;
				GCC_WARN_UNUSED_FUNCTION = YES;
				GCC_WARN_UNUSED_VARIABLE = YES;
				IPHONEOS_DEPLOYMENT_TARGET = 9.0;
				MTL_ENABLE_DEBUG_INFO = YES;
				ONLY_ACTIVE_ARCH = YES;
				SDKROOT = iphoneos;
				SWIFT_OPTIMIZATION_LEVEL = "-Onone";
			};
			name = Debug;
		};
		A09B022D1C156EDD00B80CBE /* Release */ = {
			isa = XCBuildConfiguration;
			buildSettings = {
				ALWAYS_SEARCH_USER_PATHS = NO;
				CLANG_CXX_LANGUAGE_STANDARD = "gnu++0x";
				CLANG_CXX_LIBRARY = "libc++";
				CLANG_ENABLE_MODULES = YES;
				CLANG_ENABLE_OBJC_ARC = YES;
				CLANG_WARN_BOOL_CONVERSION = YES;
				CLANG_WARN_CONSTANT_CONVERSION = YES;
				CLANG_WARN_DIRECT_OBJC_ISA_USAGE = YES_ERROR;
				CLANG_WARN_EMPTY_BODY = YES;
				CLANG_WARN_ENUM_CONVERSION = YES;
				CLANG_WARN_INT_CONVERSION = YES;
				CLANG_WARN_OBJC_ROOT_CLASS = YES_ERROR;
				CLANG_WARN_UNREACHABLE_CODE = YES;
				CLANG_WARN__DUPLICATE_METHOD_MATCH = YES;
				"CODE_SIGN_IDENTITY[sdk=iphoneos*]" = "iPhone Developer";
				COPY_PHASE_STRIP = NO;
				DEBUG_INFORMATION_FORMAT = "dwarf-with-dsym";
				ENABLE_NS_ASSERTIONS = NO;
				ENABLE_STRICT_OBJC_MSGSEND = YES;
				GCC_C_LANGUAGE_STANDARD = gnu99;
				GCC_NO_COMMON_BLOCKS = YES;
				GCC_WARN_64_TO_32_BIT_CONVERSION = YES;
				GCC_WARN_ABOUT_RETURN_TYPE = YES_ERROR;
				GCC_WARN_UNDECLARED_SELECTOR = YES;
				GCC_WARN_UNINITIALIZED_AUTOS = YES_AGGRESSIVE;
				GCC_WARN_UNUSED_FUNCTION = YES;
				GCC_WARN_UNUSED_VARIABLE = YES;
				IPHONEOS_DEPLOYMENT_TARGET = 9.0;
				MTL_ENABLE_DEBUG_INFO = NO;
				SDKROOT = iphoneos;
				VALIDATE_PRODUCT = YES;
			};
			name = Release;
		};
		A09B022F1C156EDD00B80CBE /* Debug */ = {
			isa = XCBuildConfiguration;
			baseConfigurationReference = CD345E6AB1B31379CB719080 /* Pods.debug.xcconfig */;
			buildSettings = {
				ASSETCATALOG_COMPILER_APPICON_NAME = AppIcon;
				INFOPLIST_FILE = "weibo-with-swift2/Info.plist";
				LD_RUNPATH_SEARCH_PATHS = "$(inherited) @executable_path/Frameworks";
				PRODUCT_BUNDLE_IDENTIFIER = "cn.doyere.weibo-with-swift2";
				PRODUCT_NAME = "$(TARGET_NAME)";
			};
			name = Debug;
		};
		A09B02301C156EDD00B80CBE /* Release */ = {
			isa = XCBuildConfiguration;
			baseConfigurationReference = D0503E5F0019A317529ECDA6 /* Pods.release.xcconfig */;
			buildSettings = {
				ASSETCATALOG_COMPILER_APPICON_NAME = AppIcon;
				INFOPLIST_FILE = "weibo-with-swift2/Info.plist";
				LD_RUNPATH_SEARCH_PATHS = "$(inherited) @executable_path/Frameworks";
				PRODUCT_BUNDLE_IDENTIFIER = "cn.doyere.weibo-with-swift2";
				PRODUCT_NAME = "$(TARGET_NAME)";
			};
			name = Release;
		};
/* End XCBuildConfiguration section */

/* Begin XCConfigurationList section */
		A09B02171C156EDD00B80CBE /* Build configuration list for PBXProject "weibo-with-swift2" */ = {
			isa = XCConfigurationList;
			buildConfigurations = (
				A09B022C1C156EDD00B80CBE /* Debug */,
				A09B022D1C156EDD00B80CBE /* Release */,
			);
			defaultConfigurationIsVisible = 0;
			defaultConfigurationName = Release;
		};
		A09B022E1C156EDD00B80CBE /* Build configuration list for PBXNativeTarget "weibo-with-swift2" */ = {
			isa = XCConfigurationList;
			buildConfigurations = (
				A09B022F1C156EDD00B80CBE /* Debug */,
				A09B02301C156EDD00B80CBE /* Release */,
			);
			defaultConfigurationIsVisible = 0;
			defaultConfigurationName = Release;
		};
/* End XCConfigurationList section */
	};
	rootObject = A09B02141C156EDD00B80CBE /* Project object */;
}
